
Microsoft Visual Studio Solution File, Format Version 12.00
# Visual Studio 15
VisualStudioVersion = 15.0.27130.2010
MinimumVisualStudioVersion = 10.0.40219.1
Project("{FAE04EC0-301F-11D3-BF4B-00C04F79EFBC}") = "Udemy Intermediate Exercises", "Udemy Intermediate Exercises\Udemy Intermediate Exercises.csproj", "{2756D9B8-ED00-4E2F-B4FE-1CDCA5DA63CD}"
EndProject
Global
	GlobalSection(SolutionConfigurationPlatforms) = preSolution
		Debug|Any CPU = Debug|Any CPU
		Release|Any CPU = Release|Any CPU
	EndGlobalSection
	GlobalSection(ProjectConfigurationPlatforms) = postSolution
		{2756D9B8-ED00-4E2F-B4FE-1CDCA5DA63CD}.Debug|Any CPU.ActiveCfg = Debug|Any CPU
		{2756D9B8-ED00-4E2F-B4FE-1CDCA5DA63CD}.Debug|Any CPU.Build.0 = Debug|Any CPU
		{2756D9B8-ED00-4E2F-B4FE-1CDCA5DA63CD}.Release|Any CPU.ActiveCfg = Release|Any CPU
		{2756D9B8-ED00-4E2F-B4FE-1CDCA5DA63CD}.Release|Any CPU.Build.0 = Release|Any CPU
	EndGlobalSection
	GlobalSection(SolutionProperties) = preSolution
		HideSolutionNode = FALSE
	EndGlobalSection
	GlobalSection(ExtensibilityGlobals) = postSolution
		SolutionGuid = {EA1FECCD-D43A-41A6-A2B4-4042A679770B}
	EndGlobalSection
EndGlobal
